
Microsoft Visual Studio Solution File, Format Version 12.00
# Visual Studio Version 16
VisualStudioVersion = 16.0.30717.126
MinimumVisualStudioVersion = 10.0.40219.1
Project("{9A19103F-16F7-4668-BE54-9A1E7A4F7556}") = "API", "API\API.csproj", "{89DC8528-5463-42A8-B6CB-ED60B6DDA15D}"
EndProject
Project("{FAE04EC0-301F-11D3-BF4B-00C04F79EFBC}") = "API.Core", "API.Core\API.Core.csproj", "{50A84DF2-67E1-4FA0-9373-5E4482AAF960}"
EndProject
Project("{FAE04EC0-301F-11D3-BF4B-00C04F79EFBC}") = "API.Infrastructure", "API.Infrastructure\API.Infrastructure.csproj", "{4FA5AB08-DC9B-441B-B66F-DF40CC27CBBD}"
EndProject
Global
	GlobalSection(SolutionConfigurationPlatforms) = preSolution
		Debug|Any CPU = Debug|Any CPU
		Release|Any CPU = Release|Any CPU
	EndGlobalSection
	GlobalSection(ProjectConfigurationPlatforms) = postSolution
		{89DC8528-5463-42A8-B6CB-ED60B6DDA15D}.Debug|Any CPU.ActiveCfg = Debug|Any CPU
		{89DC8528-5463-42A8-B6CB-ED60B6DDA15D}.Debug|Any CPU.Build.0 = Debug|Any CPU
		{89DC8528-5463-42A8-B6CB-ED60B6DDA15D}.Release|Any CPU.ActiveCfg = Release|Any CPU
		{89DC8528-5463-42A8-B6CB-ED60B6DDA15D}.Release|Any CPU.Build.0 = Release|Any CPU
		{50A84DF2-67E1-4FA0-9373-5E4482AAF960}.Debug|Any CPU.ActiveCfg = Debug|Any CPU
		{50A84DF2-67E1-4FA0-9373-5E4482AAF960}.Debug|Any CPU.Build.0 = Debug|Any CPU
		{50A84DF2-67E1-4FA0-9373-5E4482AAF960}.Release|Any CPU.ActiveCfg = Release|Any CPU
		{50A84DF2-67E1-4FA0-9373-5E4482AAF960}.Release|Any CPU.Build.0 = Release|Any CPU
		{4FA5AB08-DC9B-441B-B66F-DF40CC27CBBD}.Debug|Any CPU.ActiveCfg = Debug|Any CPU
		{4FA5AB08-DC9B-441B-B66F-DF40CC27CBBD}.Debug|Any CPU.Build.0 = Debug|Any CPU
		{4FA5AB08-DC9B-441B-B66F-DF40CC27CBBD}.Release|Any CPU.ActiveCfg = Release|Any CPU
		{4FA5AB08-DC9B-441B-B66F-DF40CC27CBBD}.Release|Any CPU.Build.0 = Release|Any CPU
	EndGlobalSection
	GlobalSection(SolutionProperties) = preSolution
		HideSolutionNode = FALSE
	EndGlobalSection
	GlobalSection(ExtensibilityGlobals) = postSolution
		SolutionGuid = {D51914C9-9057-4C39-BA37-F7E88C86DBD3}
	EndGlobalSection
EndGlobal
